
Microsoft Visual Studio Solution File, Format Version 12.00
# Visual Studio 15
VisualStudioVersion = 15.0.27130.2010
MinimumVisualStudioVersion = 10.0.40219.1
Project("{FAE04EC0-301F-11D3-BF4B-00C04F79EFBC}") = "StringCalculator", "StringCalculator\StringCalculator.csproj", "{CC4172B3-B443-4B45-8D2D-7500DD415CF0}"
EndProject
Project("{FAE04EC0-301F-11D3-BF4B-00C04F79EFBC}") = "StringCalculatorTests", "StringCalculatorTests\StringCalculatorTests.csproj", "{CACCEF88-5BED-43DC-B6E9-3025ED94F181}"
EndProject
Global
	GlobalSection(SolutionConfigurationPlatforms) = preSolution
		Debug|Any CPU = Debug|Any CPU
		Release|Any CPU = Release|Any CPU
	EndGlobalSection
	GlobalSection(ProjectConfigurationPlatforms) = postSolution
		{CC4172B3-B443-4B45-8D2D-7500DD415CF0}.Debug|Any CPU.ActiveCfg = Debug|Any CPU
		{CC4172B3-B443-4B45-8D2D-7500DD415CF0}.Debug|Any CPU.Build.0 = Debug|Any CPU
		{CC4172B3-B443-4B45-8D2D-7500DD415CF0}.Release|Any CPU.ActiveCfg = Release|Any CPU
		{CC4172B3-B443-4B45-8D2D-7500DD415CF0}.Release|Any CPU.Build.0 = Release|Any CPU
		{CACCEF88-5BED-43DC-B6E9-3025ED94F181}.Debug|Any CPU.ActiveCfg = Debug|Any CPU
		{CACCEF88-5BED-43DC-B6E9-3025ED94F181}.Debug|Any CPU.Build.0 = Debug|Any CPU
		{CACCEF88-5BED-43DC-B6E9-3025ED94F181}.Release|Any CPU.ActiveCfg = Release|Any CPU
		{CACCEF88-5BED-43DC-B6E9-3025ED94F181}.Release|Any CPU.Build.0 = Release|Any CPU
	EndGlobalSection
	GlobalSection(SolutionProperties) = preSolution
		HideSolutionNode = FALSE
	EndGlobalSection
	GlobalSection(ExtensibilityGlobals) = postSolution
		SolutionGuid = {1546756C-AB63-4B96-9F77-408CD74F45CD}
	EndGlobalSection
EndGlobal
